
Microsoft Visual Studio Solution File, Format Version 12.00
# Visual Studio 15
VisualStudioVersion = 15.0.28307.271
MinimumVisualStudioVersion = 10.0.40219.1
Project("{888888A0-9F3D-457C-B088-3A5042F75D52}") = "Sacred Geometry", "Sacred Geometry.pyproj", "{A19C6B43-2B10-4057-BC93-C3C02325A0AD}"
EndProject
Global
	GlobalSection(SolutionConfigurationPlatforms) = preSolution
		Debug|Any CPU = Debug|Any CPU
		Release|Any CPU = Release|Any CPU
	EndGlobalSection
	GlobalSection(ProjectConfigurationPlatforms) = postSolution
		{A19C6B43-2B10-4057-BC93-C3C02325A0AD}.Debug|Any CPU.ActiveCfg = Debug|Any CPU
		{A19C6B43-2B10-4057-BC93-C3C02325A0AD}.Release|Any CPU.ActiveCfg = Release|Any CPU
	EndGlobalSection
	GlobalSection(SolutionProperties) = preSolution
		HideSolutionNode = FALSE
	EndGlobalSection
	GlobalSection(ExtensibilityGlobals) = postSolution
		SolutionGuid = {3B907FF3-D339-4D53-A3A1-C04FA355331B}
	EndGlobalSection
EndGlobal
